
Microsoft Visual Studio Solution File, Format Version 12.00
# Visual Studio Version 16
VisualStudioVersion = 16.0.30523.141
MinimumVisualStudioVersion = 10.0.40219.1
Project("{9A19103F-16F7-4668-BE54-9A1E7A4F7556}") = "Question 1", "Question 1\Question 1.csproj", "{43C84DC6-D31D-4DD6-B51F-755666D53048}"
EndProject
Project("{FAE04EC0-301F-11D3-BF4B-00C04F79EFBC}") = "Question2", "Question2\Question2.csproj", "{9CB819D0-894A-436B-9582-5148A46CDC30}"
EndProject
Global
	GlobalSection(SolutionConfigurationPlatforms) = preSolution
		Debug|Any CPU = Debug|Any CPU
		Release|Any CPU = Release|Any CPU
	EndGlobalSection
	GlobalSection(ProjectConfigurationPlatforms) = postSolution
		{43C84DC6-D31D-4DD6-B51F-755666D53048}.Debug|Any CPU.ActiveCfg = Debug|Any CPU
		{43C84DC6-D31D-4DD6-B51F-755666D53048}.Debug|Any CPU.Build.0 = Debug|Any CPU
		{43C84DC6-D31D-4DD6-B51F-755666D53048}.Release|Any CPU.ActiveCfg = Release|Any CPU
		{43C84DC6-D31D-4DD6-B51F-755666D53048}.Release|Any CPU.Build.0 = Release|Any CPU
		{9CB819D0-894A-436B-9582-5148A46CDC30}.Debug|Any CPU.ActiveCfg = Debug|Any CPU
		{9CB819D0-894A-436B-9582-5148A46CDC30}.Debug|Any CPU.Build.0 = Debug|Any CPU
		{9CB819D0-894A-436B-9582-5148A46CDC30}.Release|Any CPU.ActiveCfg = Release|Any CPU
		{9CB819D0-894A-436B-9582-5148A46CDC30}.Release|Any CPU.Build.0 = Release|Any CPU
	EndGlobalSection
	GlobalSection(SolutionProperties) = preSolution
		HideSolutionNode = FALSE
	EndGlobalSection
	GlobalSection(ExtensibilityGlobals) = postSolution
		SolutionGuid = {65D148E0-503F-4C7A-8E16-AF80C0FBA649}
	EndGlobalSection
EndGlobal
